
Microsoft Visual Studio Solution File, Format Version 12.00
# Visual Studio Version 17
VisualStudioVersion = 17.4.33205.214
MinimumVisualStudioVersion = 10.0.40219.1
Project("{FAE04EC0-301F-11D3-BF4B-00C04F79EFBC}") = "BookDB real", "BookDB real\BookDB real.csproj", "{FBCD89B8-F222-42CB-AD10-12BCF001EC59}"
EndProject
Global
	GlobalSection(SolutionConfigurationPlatforms) = preSolution
		Debug|Any CPU = Debug|Any CPU
		Release|Any CPU = Release|Any CPU
	EndGlobalSection
	GlobalSection(ProjectConfigurationPlatforms) = postSolution
		{FBCD89B8-F222-42CB-AD10-12BCF001EC59}.Debug|Any CPU.ActiveCfg = Debug|Any CPU
		{FBCD89B8-F222-42CB-AD10-12BCF001EC59}.Debug|Any CPU.Build.0 = Debug|Any CPU
		{FBCD89B8-F222-42CB-AD10-12BCF001EC59}.Release|Any CPU.ActiveCfg = Release|Any CPU
		{FBCD89B8-F222-42CB-AD10-12BCF001EC59}.Release|Any CPU.Build.0 = Release|Any CPU
	EndGlobalSection
	GlobalSection(SolutionProperties) = preSolution
		HideSolutionNode = FALSE
	EndGlobalSection
	GlobalSection(ExtensibilityGlobals) = postSolution
		SolutionGuid = {741BF93D-90E5-4C76-B37C-70DD728B10E0}
	EndGlobalSection
EndGlobal
